
Microsoft Visual Studio Solution File, Format Version 12.00
# Visual Studio 14
VisualStudioVersion = 14.0.25420.1
MinimumVisualStudioVersion = 10.0.40219.1
Project("{FAE04EC0-301F-11D3-BF4B-00C04F79EFBC}") = "FaceNews.Android", "FaceNews\FaceNews.Android\FaceNews.Android.csproj", "{71D4A0DD-BFDA-4F22-B0B9-D282BD2A0E8F}"
EndProject
Project("{FAE04EC0-301F-11D3-BF4B-00C04F79EFBC}") = "FaceNews", "FaceNews\FaceNews\FaceNews.csproj", "{42FDB2C3-6806-46AC-B908-0486870D816F}"
EndProject
Project("{FAE04EC0-301F-11D3-BF4B-00C04F79EFBC}") = "FaceNews.UWP", "FaceNews\FaceNews.UWP\FaceNews.UWP.csproj", "{83A4692B-F63A-427B-A5D0-1178EE3D574C}"
EndProject
Project("{FAE04EC0-301F-11D3-BF4B-00C04F79EFBC}") = "FaceNews.iOS", "FaceNews\FaceNews.iOS\FaceNews.iOS.csproj", "{6A911481-DC9D-4BD6-A08C-483563853E91}"
EndProject
Project("{FAE04EC0-301F-11D3-BF4B-00C04F79EFBC}") = "FaceNewsDebug", "FaceNewsDebug\FaceNewsDebug.csproj", "{B5CE9B6F-DF38-4A06-B6D4-D03898FFCD23}"
EndProject
Global
	GlobalSection(SolutionConfigurationPlatforms) = preSolution
		Ad-Hoc|Any CPU = Ad-Hoc|Any CPU
		Ad-Hoc|ARM = Ad-Hoc|ARM
		Ad-Hoc|iPhone = Ad-Hoc|iPhone
		Ad-Hoc|iPhoneSimulator = Ad-Hoc|iPhoneSimulator
		Ad-Hoc|x64 = Ad-Hoc|x64
		Ad-Hoc|x86 = Ad-Hoc|x86
		AppStore|Any CPU = AppStore|Any CPU
		AppStore|ARM = AppStore|ARM
		AppStore|iPhone = AppStore|iPhone
		AppStore|iPhoneSimulator = AppStore|iPhoneSimulator
		AppStore|x64 = AppStore|x64
		AppStore|x86 = AppStore|x86
		Debug|Any CPU = Debug|Any CPU
		Debug|ARM = Debug|ARM
		Debug|iPhone = Debug|iPhone
		Debug|iPhoneSimulator = Debug|iPhoneSimulator
		Debug|x64 = Debug|x64
		Debug|x86 = Debug|x86
		Release|Any CPU = Release|Any CPU
		Release|ARM = Release|ARM
		Release|iPhone = Release|iPhone
		Release|iPhoneSimulator = Release|iPhoneSimulator
		Release|x64 = Release|x64
		Release|x86 = Release|x86
	EndGlobalSection
	GlobalSection(ProjectConfigurationPlatforms) = postSolution
		{71D4A0DD-BFDA-4F22-B0B9-D282BD2A0E8F}.Ad-Hoc|Any CPU.ActiveCfg = Release|Any CPU
		{71D4A0DD-BFDA-4F22-B0B9-D282BD2A0E8F}.Ad-Hoc|Any CPU.Build.0 = Release|Any CPU
		{71D4A0DD-BFDA-4F22-B0B9-D282BD2A0E8F}.Ad-Hoc|Any CPU.Deploy.0 = Release|Any CPU
		{71D4A0DD-BFDA-4F22-B0B9-D282BD2A0E8F}.Ad-Hoc|ARM.ActiveCfg = Release|Any CPU
		{71D4A0DD-BFDA-4F22-B0B9-D282BD2A0E8F}.Ad-Hoc|ARM.Build.0 = Release|Any CPU
		{71D4A0DD-BFDA-4F22-B0B9-D282BD2A0E8F}.Ad-Hoc|ARM.Deploy.0 = Release|Any CPU
		{71D4A0DD-BFDA-4F22-B0B9-D282BD2A0E8F}.Ad-Hoc|iPhone.ActiveCfg = Release|Any CPU
		{71D4A0DD-BFDA-4F22-B0B9-D282BD2A0E8F}.Ad-Hoc|iPhone.Build.0 = Release|Any CPU
		{71D4A0DD-BFDA-4F22-B0B9-D282BD2A0E8F}.Ad-Hoc|iPhone.Deploy.0 = Release|Any CPU
		{71D4A0DD-BFDA-4F22-B0B9-D282BD2A0E8F}.Ad-Hoc|iPhoneSimulator.ActiveCfg = Release|Any CPU
		{71D4A0DD-BFDA-4F22-B0B9-D282BD2A0E8F}.Ad-Hoc|iPhoneSimulator.Build.0 = Release|Any CPU
		{71D4A0DD-BFDA-4F22-B0B9-D282BD2A0E8F}.Ad-Hoc|iPhoneSimulator.Deploy.0 = Release|Any CPU
		{71D4A0DD-BFDA-4F22-B0B9-D282BD2A0E8F}.Ad-Hoc|x64.ActiveCfg = Release|Any CPU
		{71D4A0DD-BFDA-4F22-B0B9-D282BD2A0E8F}.Ad-Hoc|x64.Build.0 = Release|Any CPU
		{71D4A0DD-BFDA-4F22-B0B9-D282BD2A0E8F}.Ad-Hoc|x64.Deploy.0 = Release|Any CPU
		{71D4A0DD-BFDA-4F22-B0B9-D282BD2A0E8F}.Ad-Hoc|x86.ActiveCfg = Release|Any CPU
		{71D4A0DD-BFDA-4F22-B0B9-D282BD2A0E8F}.Ad-Hoc|x86.Build.0 = Release|Any CPU
		{71D4A0DD-BFDA-4F22-B0B9-D282BD2A0E8F}.Ad-Hoc|x86.Deploy.0 = Release|Any CPU
		{71D4A0DD-BFDA-4F22-B0B9-D282BD2A0E8F}.AppStore|Any CPU.ActiveCfg = Release|Any CPU
		{71D4A0DD-BFDA-4F22-B0B9-D282BD2A0E8F}.AppStore|Any CPU.Build.0 = Release|Any CPU
		{71D4A0DD-BFDA-4F22-B0B9-D282BD2A0E8F}.AppStore|Any CPU.Deploy.0 = Release|Any CPU
		{71D4A0DD-BFDA-4F22-B0B9-D282BD2A0E8F}.AppStore|ARM.ActiveCfg = Release|Any CPU
		{71D4A0DD-BFDA-4F22-B0B9-D282BD2A0E8F}.AppStore|ARM.Build.0 = Release|Any CPU
		{71D4A0DD-BFDA-4F22-B0B9-D282BD2A0E8F}.AppStore|ARM.Deploy.0 = Release|Any CPU
		{71D4A0DD-BFDA-4F22-B0B9-D282BD2A0E8F}.AppStore|iPhone.ActiveCfg = Release|Any CPU
		{71D4A0DD-BFDA-4F22-B0B9-D282BD2A0E8F}.AppStore|iPhone.Build.0 = Release|Any CPU
		{71D4A0DD-BFDA-4F22-B0B9-D282BD2A0E8F}.AppStore|iPhone.Deploy.0 = Release|Any CPU
		{71D4A0DD-BFDA-4F22-B0B9-D282BD2A0E8F}.AppStore|iPhoneSimulator.ActiveCfg = Release|Any CPU
		{71D4A0DD-BFDA-4F22-B0B9-D282BD2A0E8F}.AppStore|iPhoneSimulator.Build.0 = Release|Any CPU
		{71D4A0DD-BFDA-4F22-B0B9-D282BD2A0E8F}.AppStore|iPhoneSimulator.Deploy.0 = Release|Any CPU
		{71D4A0DD-BFDA-4F22-B0B9-D282BD2A0E8F}.AppStore|x64.ActiveCfg = Release|Any CPU
		{71D4A0DD-BFDA-4F22-B0B9-D282BD2A0E8F}.AppStore|x64.Build.0 = Release|Any CPU
		{71D4A0DD-BFDA-4F22-B0B9-D282BD2A0E8F}.AppStore|x64.Deploy.0 = Release|Any CPU
		{71D4A0DD-BFDA-4F22-B0B9-D282BD2A0E8F}.AppStore|x86.ActiveCfg = Release|Any CPU
		{71D4A0DD-BFDA-4F22-B0B9-D282BD2A0E8F}.AppStore|x86.Build.0 = Release|Any CPU
		{71D4A0DD-BFDA-4F22-B0B9-D282BD2A0E8F}.AppStore|x86.Deploy.0 = Release|Any CPU
		{71D4A0DD-BFDA-4F22-B0B9-D282BD2A0E8F}.Debug|Any CPU.ActiveCfg = Debug|Any CPU
		{71D4A0DD-BFDA-4F22-B0B9-D282BD2A0E8F}.Debug|Any CPU.Build.0 = Debug|Any CPU
		{71D4A0DD-BFDA-4F22-B0B9-D282BD2A0E8F}.Debug|Any CPU.Deploy.0 = Debug|Any CPU
		{71D4A0DD-BFDA-4F22-B0B9-D282BD2A0E8F}.Debug|ARM.ActiveCfg = Debug|Any CPU
		{71D4A0DD-BFDA-4F22-B0B9-D282BD2A0E8F}.Debug|ARM.Build.0 = Debug|Any CPU
		{71D4A0DD-BFDA-4F22-B0B9-D282BD2A0E8F}.Debug|ARM.Deploy.0 = Debug|Any CPU
		{71D4A0DD-BFDA-4F22-B0B9-D282BD2A0E8F}.Debug|iPhone.ActiveCfg = Debug|Any CPU
		{71D4A0DD-BFDA-4F22-B0B9-D282BD2A0E8F}.Debug|iPhone.Build.0 = Debug|Any CPU
		{71D4A0DD-BFDA-4F22-B0B9-D282BD2A0E8F}.Debug|iPhone.Deploy.0 = Debug|Any CPU
		{71D4A0DD-BFDA-4F22-B0B9-D282BD2A0E8F}.Debug|iPhoneSimulator.ActiveCfg = Debug|Any CPU
		{71D4A0DD-BFDA-4F22-B0B9-D282BD2A0E8F}.Debug|iPhoneSimulator.Build.0 = Debug|Any CPU
		{71D4A0DD-BFDA-4F22-B0B9-D282BD2A0E8F}.Debug|iPhoneSimulator.Deploy.0 = Debug|Any CPU
		{71D4A0DD-BFDA-4F22-B0B9-D282BD2A0E8F}.Debug|x64.ActiveCfg = Debug|Any CPU
		{71D4A0DD-BFDA-4F22-B0B9-D282BD2A0E8F}.Debug|x64.Build.0 = Debug|Any CPU
		{71D4A0DD-BFDA-4F22-B0B9-D282BD2A0E8F}.Debug|x64.Deploy.0 = Debug|Any CPU
		{71D4A0DD-BFDA-4F22-B0B9-D282BD2A0E8F}.Debug|x86.ActiveCfg = Debug|Any CPU
		{71D4A0DD-BFDA-4F22-B0B9-D282BD2A0E8F}.Debug|x86.Build.0 = Debug|Any CPU
		{71D4A0DD-BFDA-4F22-B0B9-D282BD2A0E8F}.Debug|x86.Deploy.0 = Debug|Any CPU
		{71D4A0DD-BFDA-4F22-B0B9-D282BD2A0E8F}.Release|Any CPU.ActiveCfg = Release|Any CPU
		{71D4A0DD-BFDA-4F22-B0B9-D282BD2A0E8F}.Release|Any CPU.Build.0 = Release|Any CPU
		{71D4A0DD-BFDA-4F22-B0B9-D282BD2A0E8F}.Release|Any CPU.Deploy.0 = Release|Any CPU
		{71D4A0DD-BFDA-4F22-B0B9-D282BD2A0E8F}.Release|ARM.ActiveCfg = Release|Any CPU
		{71D4A0DD-BFDA-4F22-B0B9-D282BD2A0E8F}.Release|ARM.Build.0 = Release|Any CPU
		{71D4A0DD-BFDA-4F22-B0B9-D282BD2A0E8F}.Release|ARM.Deploy.0 = Release|Any CPU
		{71D4A0DD-BFDA-4F22-B0B9-D282BD2A0E8F}.Release|iPhone.ActiveCfg = Release|Any CPU
		{71D4A0DD-BFDA-4F22-B0B9-D282BD2A0E8F}.Release|iPhone.Build.0 = Release|Any CPU
		{71D4A0DD-BFDA-4F22-B0B9-D282BD2A0E8F}.Release|iPhone.Deploy.0 = Release|Any CPU
		{71D4A0DD-BFDA-4F22-B0B9-D282BD2A0E8F}.Release|iPhoneSimulator.ActiveCfg = Release|Any CPU
		{71D4A0DD-BFDA-4F22-B0B9-D282BD2A0E8F}.Release|iPhoneSimulator.Build.0 = Release|Any CPU
		{71D4A0DD-BFDA-4F22-B0B9-D282BD2A0E8F}.Release|iPhoneSimulator.Deploy.0 = Release|Any CPU
		{71D4A0DD-BFDA-4F22-B0B9-D282BD2A0E8F}.Release|x64.ActiveCfg = Release|Any CPU
		{71D4A0DD-BFDA-4F22-B0B9-D282BD2A0E8F}.Release|x64.Build.0 = Release|Any CPU
		{71D4A0DD-BFDA-4F22-B0B9-D282BD2A0E8F}.Release|x64.Deploy.0 = Release|Any CPU
		{71D4A0DD-BFDA-4F22-B0B9-D282BD2A0E8F}.Release|x86.ActiveCfg = Release|Any CPU
		{71D4A0DD-BFDA-4F22-B0B9-D282BD2A0E8F}.Release|x86.Build.0 = Release|Any CPU
		{71D4A0DD-BFDA-4F22-B0B9-D282BD2A0E8F}.Release|x86.Deploy.0 = Release|Any CPU
		{42FDB2C3-6806-46AC-B908-0486870D816F}.Ad-Hoc|Any CPU.ActiveCfg = Release|Any CPU
		{42FDB2C3-6806-46AC-B908-0486870D816F}.Ad-Hoc|Any CPU.Build.0 = Release|Any CPU
		{42FDB2C3-6806-46AC-B908-0486870D816F}.Ad-Hoc|ARM.ActiveCfg = Release|Any CPU
		{42FDB2C3-6806-46AC-B908-0486870D816F}.Ad-Hoc|ARM.Build.0 = Release|Any CPU
		{42FDB2C3-6806-46AC-B908-0486870D816F}.Ad-Hoc|iPhone.ActiveCfg = Release|Any CPU
		{42FDB2C3-6806-46AC-B908-0486870D816F}.Ad-Hoc|iPhone.Build.0 = Release|Any CPU
		{42FDB2C3-6806-46AC-B908-0486870D816F}.Ad-Hoc|iPhoneSimulator.ActiveCfg = Release|Any CPU
		{42FDB2C3-6806-46AC-B908-0486870D816F}.Ad-Hoc|iPhoneSimulator.Build.0 = Release|Any CPU
		{42FDB2C3-6806-46AC-B908-0486870D816F}.Ad-Hoc|x64.ActiveCfg = Release|Any CPU
		{42FDB2C3-6806-46AC-B908-0486870D816F}.Ad-Hoc|x64.Build.0 = Release|Any CPU
		{42FDB2C3-6806-46AC-B908-0486870D816F}.Ad-Hoc|x86.ActiveCfg = Release|Any CPU
		{42FDB2C3-6806-46AC-B908-0486870D816F}.Ad-Hoc|x86.Build.0 = Release|Any CPU
		{42FDB2C3-6806-46AC-B908-0486870D816F}.AppStore|Any CPU.ActiveCfg = Release|Any CPU
		{42FDB2C3-6806-46AC-B908-0486870D816F}.AppStore|Any CPU.Build.0 = Release|Any CPU
		{42FDB2C3-6806-46AC-B908-0486870D816F}.AppStore|ARM.ActiveCfg = Release|Any CPU
		{42FDB2C3-6806-46AC-B908-0486870D816F}.AppStore|ARM.Build.0 = Release|Any CPU
		{42FDB2C3-6806-46AC-B908-0486870D816F}.AppStore|iPhone.ActiveCfg = Release|Any CPU
		{42FDB2C3-6806-46AC-B908-0486870D816F}.AppStore|iPhone.Build.0 = Release|Any CPU
		{42FDB2C3-6806-46AC-B908-0486870D816F}.AppStore|iPhoneSimulator.ActiveCfg = Release|Any CPU
		{42FDB2C3-6806-46AC-B908-0486870D816F}.AppStore|iPhoneSimulator.Build.0 = Release|Any CPU
		{42FDB2C3-6806-46AC-B908-0486870D816F}.AppStore|x64.ActiveCfg = Release|Any CPU
		{42FDB2C3-6806-46AC-B908-0486870D816F}.AppStore|x64.Build.0 = Release|Any CPU
		{42FDB2C3-6806-46AC-B908-0486870D816F}.AppStore|x86.ActiveCfg = Release|Any CPU
		{42FDB2C3-6806-46AC-B908-0486870D816F}.AppStore|x86.Build.0 = Release|Any CPU
		{42FDB2C3-6806-46AC-B908-0486870D816F}.Debug|Any CPU.ActiveCfg = Debug|Any CPU
		{42FDB2C3-6806-46AC-B908-0486870D816F}.Debug|Any CPU.Build.0 = Debug|Any CPU
		{42FDB2C3-6806-46AC-B908-0486870D816F}.Debug|ARM.ActiveCfg = Debug|Any CPU
		{42FDB2C3-6806-46AC-B908-0486870D816F}.Debug|ARM.Build.0 = Debug|Any CPU
		{42FDB2C3-6806-46AC-B908-0486870D816F}.Debug|iPhone.ActiveCfg = Debug|Any CPU
		{42FDB2C3-6806-46AC-B908-0486870D816F}.Debug|iPhone.Build.0 = Debug|Any CPU
		{42FDB2C3-6806-46AC-B908-0486870D816F}.Debug|iPhoneSimulator.ActiveCfg = Debug|Any CPU
		{42FDB2C3-6806-46AC-B908-0486870D816F}.Debug|iPhoneSimulator.Build.0 = Debug|Any CPU
		{42FDB2C3-6806-46AC-B908-0486870D816F}.Debug|x64.ActiveCfg = Debug|Any CPU
		{42FDB2C3-6806-46AC-B908-0486870D816F}.Debug|x64.Build.0 = Debug|Any CPU
		{42FDB2C3-6806-46AC-B908-0486870D816F}.Debug|x86.ActiveCfg = Debug|Any CPU
		{42FDB2C3-6806-46AC-B908-0486870D816F}.Debug|x86.Build.0 = Debug|Any CPU
		{42FDB2C3-6806-46AC-B908-0486870D816F}.Release|Any CPU.ActiveCfg = Release|Any CPU
		{42FDB2C3-6806-46AC-B908-0486870D816F}.Release|Any CPU.Build.0 = Release|Any CPU
		{42FDB2C3-6806-46AC-B908-0486870D816F}.Release|ARM.ActiveCfg = Release|Any CPU
		{42FDB2C3-6806-46AC-B908-0486870D816F}.Release|ARM.Build.0 = Release|Any CPU
		{42FDB2C3-6806-46AC-B908-0486870D816F}.Release|iPhone.ActiveCfg = Release|Any CPU
		{42FDB2C3-6806-46AC-B908-0486870D816F}.Release|iPhone.Build.0 = Release|Any CPU
		{42FDB2C3-6806-46AC-B908-0486870D816F}.Release|iPhoneSimulator.ActiveCfg = Release|Any CPU
		{42FDB2C3-6806-46AC-B908-0486870D816F}.Release|iPhoneSimulator.Build.0 = Release|Any CPU
		{42FDB2C3-6806-46AC-B908-0486870D816F}.Release|x64.ActiveCfg = Release|Any CPU
		{42FDB2C3-6806-46AC-B908-0486870D816F}.Release|x64.Build.0 = Release|Any CPU
		{42FDB2C3-6806-46AC-B908-0486870D816F}.Release|x86.ActiveCfg = Release|Any CPU
		{42FDB2C3-6806-46AC-B908-0486870D816F}.Release|x86.Build.0 = Release|Any CPU
		{83A4692B-F63A-427B-A5D0-1178EE3D574C}.Ad-Hoc|Any CPU.ActiveCfg = Release|x86
		{83A4692B-F63A-427B-A5D0-1178EE3D574C}.Ad-Hoc|Any CPU.Build.0 = Release|x86
		{83A4692B-F63A-427B-A5D0-1178EE3D574C}.Ad-Hoc|Any CPU.Deploy.0 = Release|x86
		{83A4692B-F63A-427B-A5D0-1178EE3D574C}.Ad-Hoc|ARM.ActiveCfg = Release|ARM
		{83A4692B-F63A-427B-A5D0-1178EE3D574C}.Ad-Hoc|ARM.Build.0 = Release|ARM
		{83A4692B-F63A-427B-A5D0-1178EE3D574C}.Ad-Hoc|ARM.Deploy.0 = Release|ARM
		{83A4692B-F63A-427B-A5D0-1178EE3D574C}.Ad-Hoc|iPhone.ActiveCfg = Release|x86
		{83A4692B-F63A-427B-A5D0-1178EE3D574C}.Ad-Hoc|iPhone.Build.0 = Release|x86
		{83A4692B-F63A-427B-A5D0-1178EE3D574C}.Ad-Hoc|iPhone.Deploy.0 = Release|x86
		{83A4692B-F63A-427B-A5D0-1178EE3D574C}.Ad-Hoc|iPhoneSimulator.ActiveCfg = Release|x86
		{83A4692B-F63A-427B-A5D0-1178EE3D574C}.Ad-Hoc|iPhoneSimulator.Build.0 = Release|x86
		{83A4692B-F63A-427B-A5D0-1178EE3D574C}.Ad-Hoc|iPhoneSimulator.Deploy.0 = Release|x86
		{83A4692B-F63A-427B-A5D0-1178EE3D574C}.Ad-Hoc|x64.ActiveCfg = Release|x64
		{83A4692B-F63A-427B-A5D0-1178EE3D574C}.Ad-Hoc|x64.Build.0 = Release|x64
		{83A4692B-F63A-427B-A5D0-1178EE3D574C}.Ad-Hoc|x64.Deploy.0 = Release|x64
		{83A4692B-F63A-427B-A5D0-1178EE3D574C}.Ad-Hoc|x86.ActiveCfg = Release|x86
		{83A4692B-F63A-427B-A5D0-1178EE3D574C}.Ad-Hoc|x86.Build.0 = Release|x86
		{83A4692B-F63A-427B-A5D0-1178EE3D574C}.Ad-Hoc|x86.Deploy.0 = Release|x86
		{83A4692B-F63A-427B-A5D0-1178EE3D574C}.AppStore|Any CPU.ActiveCfg = Release|x86
		{83A4692B-F63A-427B-A5D0-1178EE3D574C}.AppStore|Any CPU.Build.0 = Release|x86
		{83A4692B-F63A-427B-A5D0-1178EE3D574C}.AppStore|Any CPU.Deploy.0 = Release|x86
		{83A4692B-F63A-427B-A5D0-1178EE3D574C}.AppStore|ARM.ActiveCfg = Release|ARM
		{83A4692B-F63A-427B-A5D0-1178EE3D574C}.AppStore|ARM.Build.0 = Release|ARM
		{83A4692B-F63A-427B-A5D0-1178EE3D574C}.AppStore|ARM.Deploy.0 = Release|ARM
		{83A4692B-F63A-427B-A5D0-1178EE3D574C}.AppStore|iPhone.ActiveCfg = Release|x86
		{83A4692B-F63A-427B-A5D0-1178EE3D574C}.AppStore|iPhone.Build.0 = Release|x86
		{83A4692B-F63A-427B-A5D0-1178EE3D574C}.AppStore|iPhone.Deploy.0 = Release|x86
		{83A4692B-F63A-427B-A5D0-1178EE3D574C}.AppStore|iPhoneSimulator.ActiveCfg = Release|x86
		{83A4692B-F63A-427B-A5D0-1178EE3D574C}.AppStore|iPhoneSimulator.Build.0 = Release|x86
		{83A4692B-F63A-427B-A5D0-1178EE3D574C}.AppStore|iPhoneSimulator.Deploy.0 = Release|x86
		{83A4692B-F63A-427B-A5D0-1178EE3D574C}.AppStore|x64.ActiveCfg = Release|x64
		{83A4692B-F63A-427B-A5D0-1178EE3D574C}.AppStore|x64.Build.0 = Release|x64
		{83A4692B-F63A-427B-A5D0-1178EE3D574C}.AppStore|x64.Deploy.0 = Release|x64
		{83A4692B-F63A-427B-A5D0-1178EE3D574C}.AppStore|x86.ActiveCfg = Release|x86
		{83A4692B-F63A-427B-A5D0-1178EE3D574C}.AppStore|x86.Build.0 = Release|x86
		{83A4692B-F63A-427B-A5D0-1178EE3D574C}.AppStore|x86.Deploy.0 = Release|x86
		{83A4692B-F63A-427B-A5D0-1178EE3D574C}.Debug|Any CPU.ActiveCfg = Debug|x86
		{83A4692B-F63A-427B-A5D0-1178EE3D574C}.Debug|ARM.ActiveCfg = Debug|ARM
		{83A4692B-F63A-427B-A5D0-1178EE3D574C}.Debug|ARM.Build.0 = Debug|ARM
		{83A4692B-F63A-427B-A5D0-1178EE3D574C}.Debug|ARM.Deploy.0 = Debug|ARM
		{83A4692B-F63A-427B-A5D0-1178EE3D574C}.Debug|iPhone.ActiveCfg = Debug|x86
		{83A4692B-F63A-427B-A5D0-1178EE3D574C}.Debug|iPhoneSimulator.ActiveCfg = Debug|x86
		{83A4692B-F63A-427B-A5D0-1178EE3D574C}.Debug|x64.ActiveCfg = Debug|x64
		{83A4692B-F63A-427B-A5D0-1178EE3D574C}.Debug|x64.Build.0 = Debug|x64
		{83A4692B-F63A-427B-A5D0-1178EE3D574C}.Debug|x64.Deploy.0 = Debug|x64
		{83A4692B-F63A-427B-A5D0-1178EE3D574C}.Debug|x86.ActiveCfg = Debug|x86
		{83A4692B-F63A-427B-A5D0-1178EE3D574C}.Debug|x86.Build.0 = Debug|x86
		{83A4692B-F63A-427B-A5D0-1178EE3D574C}.Debug|x86.Deploy.0 = Debug|x86
		{83A4692B-F63A-427B-A5D0-1178EE3D574C}.Release|Any CPU.ActiveCfg = Release|x86
		{83A4692B-F63A-427B-A5D0-1178EE3D574C}.Release|ARM.ActiveCfg = Release|ARM
		{83A4692B-F63A-427B-A5D0-1178EE3D574C}.Release|ARM.Build.0 = Release|ARM
		{83A4692B-F63A-427B-A5D0-1178EE3D574C}.Release|ARM.Deploy.0 = Release|ARM
		{83A4692B-F63A-427B-A5D0-1178EE3D574C}.Release|iPhone.ActiveCfg = Release|x86
		{83A4692B-F63A-427B-A5D0-1178EE3D574C}.Release|iPhoneSimulator.ActiveCfg = Release|x86
		{83A4692B-F63A-427B-A5D0-1178EE3D574C}.Release|x64.ActiveCfg = Release|x64
		{83A4692B-F63A-427B-A5D0-1178EE3D574C}.Release|x64.Build.0 = Release|x64
		{83A4692B-F63A-427B-A5D0-1178EE3D574C}.Release|x64.Deploy.0 = Release|x64
		{83A4692B-F63A-427B-A5D0-1178EE3D574C}.Release|x86.ActiveCfg = Release|x86
		{83A4692B-F63A-427B-A5D0-1178EE3D574C}.Release|x86.Build.0 = Release|x86
		{83A4692B-F63A-427B-A5D0-1178EE3D574C}.Release|x86.Deploy.0 = Release|x86
		{6A911481-DC9D-4BD6-A08C-483563853E91}.Ad-Hoc|Any CPU.ActiveCfg = Ad-Hoc|iPhone
		{6A911481-DC9D-4BD6-A08C-483563853E91}.Ad-Hoc|ARM.ActiveCfg = Ad-Hoc|iPhone
		{6A911481-DC9D-4BD6-A08C-483563853E91}.Ad-Hoc|iPhone.ActiveCfg = Ad-Hoc|iPhone
		{6A911481-DC9D-4BD6-A08C-483563853E91}.Ad-Hoc|iPhone.Build.0 = Ad-Hoc|iPhone
		{6A911481-DC9D-4BD6-A08C-483563853E91}.Ad-Hoc|iPhoneSimulator.ActiveCfg = Ad-Hoc|iPhoneSimulator
		{6A911481-DC9D-4BD6-A08C-483563853E91}.Ad-Hoc|iPhoneSimulator.Build.0 = Ad-Hoc|iPhoneSimulator
		{6A911481-DC9D-4BD6-A08C-483563853E91}.Ad-Hoc|x64.ActiveCfg = Ad-Hoc|iPhone
		{6A911481-DC9D-4BD6-A08C-483563853E91}.Ad-Hoc|x86.ActiveCfg = Ad-Hoc|iPhone
		{6A911481-DC9D-4BD6-A08C-483563853E91}.AppStore|Any CPU.ActiveCfg = AppStore|iPhone
		{6A911481-DC9D-4BD6-A08C-483563853E91}.AppStore|ARM.ActiveCfg = AppStore|iPhone
		{6A911481-DC9D-4BD6-A08C-483563853E91}.AppStore|iPhone.ActiveCfg = AppStore|iPhone
		{6A911481-DC9D-4BD6-A08C-483563853E91}.AppStore|iPhone.Build.0 = AppStore|iPhone
		{6A911481-DC9D-4BD6-A08C-483563853E91}.AppStore|iPhoneSimulator.ActiveCfg = AppStore|iPhoneSimulator
		{6A911481-DC9D-4BD6-A08C-483563853E91}.AppStore|iPhoneSimulator.Build.0 = AppStore|iPhoneSimulator
		{6A911481-DC9D-4BD6-A08C-483563853E91}.AppStore|x64.ActiveCfg = AppStore|iPhone
		{6A911481-DC9D-4BD6-A08C-483563853E91}.AppStore|x86.ActiveCfg = AppStore|iPhone
		{6A911481-DC9D-4BD6-A08C-483563853E91}.Debug|Any CPU.ActiveCfg = Debug|iPhone
		{6A911481-DC9D-4BD6-A08C-483563853E91}.Debug|ARM.ActiveCfg = Debug|iPhone
		{6A911481-DC9D-4BD6-A08C-483563853E91}.Debug|iPhone.ActiveCfg = Debug|iPhone
		{6A911481-DC9D-4BD6-A08C-483563853E91}.Debug|iPhone.Build.0 = Debug|iPhone
		{6A911481-DC9D-4BD6-A08C-483563853E91}.Debug|iPhoneSimulator.ActiveCfg = Debug|iPhoneSimulator
		{6A911481-DC9D-4BD6-A08C-483563853E91}.Debug|iPhoneSimulator.Build.0 = Debug|iPhoneSimulator
		{6A911481-DC9D-4BD6-A08C-483563853E91}.Debug|x64.ActiveCfg = Debug|iPhone
		{6A911481-DC9D-4BD6-A08C-483563853E91}.Debug|x86.ActiveCfg = Debug|iPhone
		{6A911481-DC9D-4BD6-A08C-483563853E91}.Release|Any CPU.ActiveCfg = Release|iPhone
		{6A911481-DC9D-4BD6-A08C-483563853E91}.Release|ARM.ActiveCfg = Release|iPhone
		{6A911481-DC9D-4BD6-A08C-483563853E91}.Release|iPhone.ActiveCfg = Release|iPhone
		{6A911481-DC9D-4BD6-A08C-483563853E91}.Release|iPhone.Build.0 = Release|iPhone
		{6A911481-DC9D-4BD6-A08C-483563853E91}.Release|iPhoneSimulator.ActiveCfg = Release|iPhoneSimulator
		{6A911481-DC9D-4BD6-A08C-483563853E91}.Release|iPhoneSimulator.Build.0 = Release|iPhoneSimulator
		{6A911481-DC9D-4BD6-A08C-483563853E91}.Release|x64.ActiveCfg = Release|iPhone
		{6A911481-DC9D-4BD6-A08C-483563853E91}.Release|x86.ActiveCfg = Release|iPhone
		{B5CE9B6F-DF38-4A06-B6D4-D03898FFCD23}.Ad-Hoc|Any CPU.ActiveCfg = Release|Any CPU
		{B5CE9B6F-DF38-4A06-B6D4-D03898FFCD23}.Ad-Hoc|Any CPU.Build.0 = Release|Any CPU
		{B5CE9B6F-DF38-4A06-B6D4-D03898FFCD23}.Ad-Hoc|ARM.ActiveCfg = Release|Any CPU
		{B5CE9B6F-DF38-4A06-B6D4-D03898FFCD23}.Ad-Hoc|ARM.Build.0 = Release|Any CPU
		{B5CE9B6F-DF38-4A06-B6D4-D03898FFCD23}.Ad-Hoc|iPhone.ActiveCfg = Release|Any CPU
		{B5CE9B6F-DF38-4A06-B6D4-D03898FFCD23}.Ad-Hoc|iPhone.Build.0 = Release|Any CPU
		{B5CE9B6F-DF38-4A06-B6D4-D03898FFCD23}.Ad-Hoc|iPhoneSimulator.ActiveCfg = Release|Any CPU
		{B5CE9B6F-DF38-4A06-B6D4-D03898FFCD23}.Ad-Hoc|iPhoneSimulator.Build.0 = Release|Any CPU
		{B5CE9B6F-DF38-4A06-B6D4-D03898FFCD23}.Ad-Hoc|x64.ActiveCfg = Release|Any CPU
		{B5CE9B6F-DF38-4A06-B6D4-D03898FFCD23}.Ad-Hoc|x64.Build.0 = Release|Any CPU
		{B5CE9B6F-DF38-4A06-B6D4-D03898FFCD23}.Ad-Hoc|x86.ActiveCfg = Release|Any CPU
		{B5CE9B6F-DF38-4A06-B6D4-D03898FFCD23}.Ad-Hoc|x86.Build.0 = Release|Any CPU
		{B5CE9B6F-DF38-4A06-B6D4-D03898FFCD23}.AppStore|Any CPU.ActiveCfg = Release|Any CPU
		{B5CE9B6F-DF38-4A06-B6D4-D03898FFCD23}.AppStore|Any CPU.Build.0 = Release|Any CPU
		{B5CE9B6F-DF38-4A06-B6D4-D03898FFCD23}.AppStore|ARM.ActiveCfg = Release|Any CPU
		{B5CE9B6F-DF38-4A06-B6D4-D03898FFCD23}.AppStore|ARM.Build.0 = Release|Any CPU
		{B5CE9B6F-DF38-4A06-B6D4-D03898FFCD23}.AppStore|iPhone.ActiveCfg = Release|Any CPU
		{B5CE9B6F-DF38-4A06-B6D4-D03898FFCD23}.AppStore|iPhone.Build.0 = Release|Any CPU
		{B5CE9B6F-DF38-4A06-B6D4-D03898FFCD23}.AppStore|iPhoneSimulator.ActiveCfg = Release|Any CPU
		{B5CE9B6F-DF38-4A06-B6D4-D03898FFCD23}.AppStore|iPhoneSimulator.Build.0 = Release|Any CPU
		{B5CE9B6F-DF38-4A06-B6D4-D03898FFCD23}.AppStore|x64.ActiveCfg = Release|Any CPU
		{B5CE9B6F-DF38-4A06-B6D4-D03898FFCD23}.AppStore|x64.Build.0 = Release|Any CPU
		{B5CE9B6F-DF38-4A06-B6D4-D03898FFCD23}.AppStore|x86.ActiveCfg = Release|Any CPU
		{B5CE9B6F-DF38-4A06-B6D4-D03898FFCD23}.AppStore|x86.Build.0 = Release|Any CPU
		{B5CE9B6F-DF38-4A06-B6D4-D03898FFCD23}.Debug|Any CPU.ActiveCfg = Debug|Any CPU
		{B5CE9B6F-DF38-4A06-B6D4-D03898FFCD23}.Debug|Any CPU.Build.0 = Debug|Any CPU
		{B5CE9B6F-DF38-4A06-B6D4-D03898FFCD23}.Debug|ARM.ActiveCfg = Debug|Any CPU
		{B5CE9B6F-DF38-4A06-B6D4-D03898FFCD23}.Debug|ARM.Build.0 = Debug|Any CPU
		{B5CE9B6F-DF38-4A06-B6D4-D03898FFCD23}.Debug|iPhone.ActiveCfg = Debug|Any CPU
		{B5CE9B6F-DF38-4A06-B6D4-D03898FFCD23}.Debug|iPhone.Build.0 = Debug|Any CPU
		{B5CE9B6F-DF38-4A06-B6D4-D03898FFCD23}.Debug|iPhoneSimulator.ActiveCfg = Debug|Any CPU
		{B5CE9B6F-DF38-4A06-B6D4-D03898FFCD23}.Debug|iPhoneSimulator.Build.0 = Debug|Any CPU
		{B5CE9B6F-DF38-4A06-B6D4-D03898FFCD23}.Debug|x64.ActiveCfg = Debug|Any CPU
		{B5CE9B6F-DF38-4A06-B6D4-D03898FFCD23}.Debug|x64.Build.0 = Debug|Any CPU
		{B5CE9B6F-DF38-4A06-B6D4-D03898FFCD23}.Debug|x86.ActiveCfg = Debug|Any CPU
		{B5CE9B6F-DF38-4A06-B6D4-D03898FFCD23}.Debug|x86.Build.0 = Debug|Any CPU
		{B5CE9B6F-DF38-4A06-B6D4-D03898FFCD23}.Release|Any CPU.ActiveCfg = Release|Any CPU
		{B5CE9B6F-DF38-4A06-B6D4-D03898FFCD23}.Release|Any CPU.Build.0 = Release|Any CPU
		{B5CE9B6F-DF38-4A06-B6D4-D03898FFCD23}.Release|ARM.ActiveCfg = Release|Any CPU
		{B5CE9B6F-DF38-4A06-B6D4-D03898FFCD23}.Release|ARM.Build.0 = Release|Any CPU
		{B5CE9B6F-DF38-4A06-B6D4-D03898FFCD23}.Release|iPhone.ActiveCfg = Release|Any CPU
		{B5CE9B6F-DF38-4A06-B6D4-D03898FFCD23}.Release|iPhone.Build.0 = Release|Any CPU
		{B5CE9B6F-DF38-4A06-B6D4-D03898FFCD23}.Release|iPhoneSimulator.ActiveCfg = Release|Any CPU
		{B5CE9B6F-DF38-4A06-B6D4-D03898FFCD23}.Release|iPhoneSimulator.Build.0 = Release|Any CPU
		{B5CE9B6F-DF38-4A06-B6D4-D03898FFCD23}.Release|x64.ActiveCfg = Release|Any CPU
		{B5CE9B6F-DF38-4A06-B6D4-D03898FFCD23}.Release|x64.Build.0 = Release|Any CPU
		{B5CE9B6F-DF38-4A06-B6D4-D03898FFCD23}.Release|x86.ActiveCfg = Release|Any CPU
		{B5CE9B6F-DF38-4A06-B6D4-D03898FFCD23}.Release|x86.Build.0 = Release|Any CPU
	EndGlobalSection
	GlobalSection(SolutionProperties) = preSolution
		HideSolutionNode = FALSE
	EndGlobalSection
EndGlobal
